
Microsoft Visual Studio Solution File, Format Version 12.00
# Visual Studio Version 17
VisualStudioVersion = 17.8.34525.116
MinimumVisualStudioVersion = 10.0.40219.1
Project("{FAE04EC0-301F-11D3-BF4B-00C04F79EFBC}") = "AppWeb_MVC", "AppWeb_MVC\AppWeb_MVC.csproj", "{CFE5226A-EAE7-481C-A5FC-DA09ECBAEEB3}"
EndProject
Global
	GlobalSection(SolutionConfigurationPlatforms) = preSolution
		Debug|Any CPU = Debug|Any CPU
		Release|Any CPU = Release|Any CPU
	EndGlobalSection
	GlobalSection(ProjectConfigurationPlatforms) = postSolution
		{CFE5226A-EAE7-481C-A5FC-DA09ECBAEEB3}.Debug|Any CPU.ActiveCfg = Debug|Any CPU
		{CFE5226A-EAE7-481C-A5FC-DA09ECBAEEB3}.Debug|Any CPU.Build.0 = Debug|Any CPU
		{CFE5226A-EAE7-481C-A5FC-DA09ECBAEEB3}.Release|Any CPU.ActiveCfg = Release|Any CPU
		{CFE5226A-EAE7-481C-A5FC-DA09ECBAEEB3}.Release|Any CPU.Build.0 = Release|Any CPU
	EndGlobalSection
	GlobalSection(SolutionProperties) = preSolution
		HideSolutionNode = FALSE
	EndGlobalSection
	GlobalSection(ExtensibilityGlobals) = postSolution
		SolutionGuid = {DC0F6E22-BF6C-4266-A773-62D7C9452A39}
	EndGlobalSection
EndGlobal
